
Microsoft Visual Studio Solution File, Format Version 12.00
# Visual Studio Version 17
VisualStudioVersion = 17.7.34031.279
MinimumVisualStudioVersion = 10.0.40219.1
Project("{FAE04EC0-301F-11D3-BF4B-00C04F79EFBC}") = "DotNetGraphqlAPIUsingHotChocolate", "DotNetGraphqlAPIUsingHotChocolate.csproj", "{9BD9BF29-28CF-4BCA-A678-E8CCFD31658C}"
EndProject
Global
	GlobalSection(SolutionConfigurationPlatforms) = preSolution
		Debug|Any CPU = Debug|Any CPU
		Release|Any CPU = Release|Any CPU
	EndGlobalSection
	GlobalSection(ProjectConfigurationPlatforms) = postSolution
		{9BD9BF29-28CF-4BCA-A678-E8CCFD31658C}.Debug|Any CPU.ActiveCfg = Debug|Any CPU
		{9BD9BF29-28CF-4BCA-A678-E8CCFD31658C}.Debug|Any CPU.Build.0 = Debug|Any CPU
		{9BD9BF29-28CF-4BCA-A678-E8CCFD31658C}.Release|Any CPU.ActiveCfg = Release|Any CPU
		{9BD9BF29-28CF-4BCA-A678-E8CCFD31658C}.Release|Any CPU.Build.0 = Release|Any CPU
	EndGlobalSection
	GlobalSection(SolutionProperties) = preSolution
		HideSolutionNode = FALSE
	EndGlobalSection
	GlobalSection(ExtensibilityGlobals) = postSolution
		SolutionGuid = {8AF9D767-D1C9-40E6-BEA4-771BEA367D97}
	EndGlobalSection
EndGlobal
